
Microsoft Visual Studio Solution File, Format Version 12.00
# Visual Studio Version 16
VisualStudioVersion = 16.0.29519.181
MinimumVisualStudioVersion = 10.0.40219.1
Project("{FAE04EC0-301F-11D3-BF4B-00C04F79EFBC}") = "FiFoKlasse", "FiFoKlasse\FiFoKlasse.csproj", "{5B61073A-A6D7-41C0-977A-069921C32FDA}"
EndProject
Global
	GlobalSection(SolutionConfigurationPlatforms) = preSolution
		Debug|Any CPU = Debug|Any CPU
		Release|Any CPU = Release|Any CPU
	EndGlobalSection
	GlobalSection(ProjectConfigurationPlatforms) = postSolution
		{5B61073A-A6D7-41C0-977A-069921C32FDA}.Debug|Any CPU.ActiveCfg = Debug|Any CPU
		{5B61073A-A6D7-41C0-977A-069921C32FDA}.Debug|Any CPU.Build.0 = Debug|Any CPU
		{5B61073A-A6D7-41C0-977A-069921C32FDA}.Release|Any CPU.ActiveCfg = Release|Any CPU
		{5B61073A-A6D7-41C0-977A-069921C32FDA}.Release|Any CPU.Build.0 = Release|Any CPU
	EndGlobalSection
	GlobalSection(SolutionProperties) = preSolution
		HideSolutionNode = FALSE
	EndGlobalSection
	GlobalSection(ExtensibilityGlobals) = postSolution
		SolutionGuid = {5160D209-8450-400C-9924-88DA6A1D86FF}
	EndGlobalSection
EndGlobal
